
Microsoft Visual Studio Solution File, Format Version 12.00
# Visual Studio Version 16
VisualStudioVersion = 16.0.30114.105
MinimumVisualStudioVersion = 10.0.40219.1
Project("{FAE04EC0-301F-11D3-BF4B-00C04F79EFBC}") = "API", "API\API.csproj", "{0D3D7785-B3E5-4244-80B3-75094455E050}"
EndProject
Project("{FAE04EC0-301F-11D3-BF4B-00C04F79EFBC}") = "Core", "Core\Core.csproj", "{5097384C-3836-4A90-9784-F34B38D644F4}"
EndProject
Project("{FAE04EC0-301F-11D3-BF4B-00C04F79EFBC}") = "Infrastructure", "Infrastructure\Infrastructure.csproj", "{E838354D-0600-458F-8428-21D742EB0397}"
EndProject
Global
	GlobalSection(SolutionConfigurationPlatforms) = preSolution
		Debug|Any CPU = Debug|Any CPU
		Release|Any CPU = Release|Any CPU
	EndGlobalSection
	GlobalSection(SolutionProperties) = preSolution
		HideSolutionNode = FALSE
	EndGlobalSection
	GlobalSection(ProjectConfigurationPlatforms) = postSolution
		{0D3D7785-B3E5-4244-80B3-75094455E050}.Debug|Any CPU.ActiveCfg = Debug|Any CPU
		{0D3D7785-B3E5-4244-80B3-75094455E050}.Debug|Any CPU.Build.0 = Debug|Any CPU
		{0D3D7785-B3E5-4244-80B3-75094455E050}.Release|Any CPU.ActiveCfg = Release|Any CPU
		{0D3D7785-B3E5-4244-80B3-75094455E050}.Release|Any CPU.Build.0 = Release|Any CPU
		{5097384C-3836-4A90-9784-F34B38D644F4}.Debug|Any CPU.ActiveCfg = Debug|Any CPU
		{5097384C-3836-4A90-9784-F34B38D644F4}.Debug|Any CPU.Build.0 = Debug|Any CPU
		{5097384C-3836-4A90-9784-F34B38D644F4}.Release|Any CPU.ActiveCfg = Release|Any CPU
		{5097384C-3836-4A90-9784-F34B38D644F4}.Release|Any CPU.Build.0 = Release|Any CPU
		{E838354D-0600-458F-8428-21D742EB0397}.Debug|Any CPU.ActiveCfg = Debug|Any CPU
		{E838354D-0600-458F-8428-21D742EB0397}.Debug|Any CPU.Build.0 = Debug|Any CPU
		{E838354D-0600-458F-8428-21D742EB0397}.Release|Any CPU.ActiveCfg = Release|Any CPU
		{E838354D-0600-458F-8428-21D742EB0397}.Release|Any CPU.Build.0 = Release|Any CPU
	EndGlobalSection
EndGlobal
